
Microsoft Visual Studio Solution File, Format Version 12.00
# Visual Studio 15
VisualStudioVersion = 15.0.27703.2000
MinimumVisualStudioVersion = 10.0.40219.1
Project("{FAE04EC0-301F-11D3-BF4B-00C04F79EFBC}") = "DirectLineBot", "DirectLineBot\DirectLineBot.csproj", "{55230CE0-0B8B-481B-BD94-02277DB15D08}"
EndProject
Project("{FAE04EC0-301F-11D3-BF4B-00C04F79EFBC}") = "DirectLineClient", "DirectLineClient\DirectLineClient.csproj", "{52063D47-8170-4331-960E-E900BA1F4C8E}"
EndProject
Global
	GlobalSection(SolutionConfigurationPlatforms) = preSolution
		Debug|Any CPU = Debug|Any CPU
		Release|Any CPU = Release|Any CPU
	EndGlobalSection
	GlobalSection(ProjectConfigurationPlatforms) = postSolution
		{55230CE0-0B8B-481B-BD94-02277DB15D08}.Debug|Any CPU.ActiveCfg = Debug|Any CPU
		{55230CE0-0B8B-481B-BD94-02277DB15D08}.Debug|Any CPU.Build.0 = Debug|Any CPU
		{55230CE0-0B8B-481B-BD94-02277DB15D08}.Release|Any CPU.ActiveCfg = Release|Any CPU
		{55230CE0-0B8B-481B-BD94-02277DB15D08}.Release|Any CPU.Build.0 = Release|Any CPU
		{52063D47-8170-4331-960E-E900BA1F4C8E}.Debug|Any CPU.ActiveCfg = Debug|Any CPU
		{52063D47-8170-4331-960E-E900BA1F4C8E}.Debug|Any CPU.Build.0 = Debug|Any CPU
		{52063D47-8170-4331-960E-E900BA1F4C8E}.Release|Any CPU.ActiveCfg = Release|Any CPU
		{52063D47-8170-4331-960E-E900BA1F4C8E}.Release|Any CPU.Build.0 = Release|Any CPU
	EndGlobalSection
	GlobalSection(SolutionProperties) = preSolution
		HideSolutionNode = FALSE
	EndGlobalSection
	GlobalSection(ExtensibilityGlobals) = postSolution
		SolutionGuid = {E44D70D6-F7F3-4633-AF98-101F27C5C688}
	EndGlobalSection
EndGlobal
